<?xml version="1.0" encoding="UTF-8"?>
<CONFIG>
  <ProjectOptions>
    <Version Value="12"/>
    <General>
      <Flags>
        <CompatibilityMode Value="True"/>
      </Flags>
      <Title Value="MNote2 Extended Tests"/>
      <ResourceType Value="res"/>
    </General>
    <BuildModes Count="1">
      <Item1 Name="Default" Default="True"/>
    </BuildModes>
    <RequiredPackages Count="9">
      <Item1><PackageName Value="openai_core"/></Item1>
      <Item2><PackageName Value="openai_agent"/></Item2>
      <Item3><PackageName Value="openai_graph"/></Item3>
      <Item4><PackageName Value="openai_project_core"/></Item4>
      <Item5><PackageName Value="openai_files"/></Item5>
      <Item6><PackageName Value="openai_output"/></Item6>
      <Item7><PackageName Value="openai_aidbase"/></Item7>
      <Item8><PackageName Value="zcomponent"/></Item8>
      <Item9><PackageName Value="LCL"/></Item9>
    </RequiredPackages>
    <Units Count="1">
      <Unit0>
        <Filename Value="test_runner.lpr"/>
        <IsPartOfProject Value="True"/>
      </Unit0>
    </Units>
  </ProjectOptions>
  <CompilerOptions>
    <Version Value="11"/>
    <Target>
      <Filename Value="bin/test_runner"/>
    </Target>
    <SearchPaths>
      <OtherUnitFiles Value="../src;../src/services;../src/ui;../src/commands;../src/completion;../src/search;../src/languages;../src/project;../src/sourcechange;../src/ai;../src/classes;../src/imgjson;../src/mquery2;../src/toolsfalar;../src/toolsouvir"/>
      <UnitOutputDirectory Value="bin/lib/$(TargetCPU)-$(TargetOS)"/>
    </SearchPaths>
    <Linking>
      <Debugging>
        <DebugInfoType Value="dsDwarf2"/>
      </Debugging>
    </Linking>
  </CompilerOptions>
</CONFIG>
